// !$*UTF8*$!
{
	archiveVersion = 1;
	classes = {
	};
	objectVersion = 56;
	objects = {

/* Begin PBXBuildFile section */
		D364DF6A29A2AA4400EE65C5 /* LittleLemonRestaurantAppApp.swift in Sources */ = {isa = PBXBuildFile; fileRef = D364DF6929A2AA4400EE65C5 /* LittleLemonRestaurantAppApp.swift */; };
		D364DF6E29A2AA4500EE65C5 /* Assets.xcassets in Resources */ = {isa = PBXBuildFile; fileRef = D364DF6D29A2AA4500EE65C5 /* Assets.xcassets */; };
		D364DF7129A2AA4500EE65C5 /* Preview Assets.xcassets in Resources */ = {isa = PBXBuildFile; fileRef = D364DF7029A2AA4500EE65C5 /* Preview Assets.xcassets */; };
		D364DF7829A2AA6A00EE65C5 /* OnboardingView.swift in Sources */ = {isa = PBXBuildFile; fileRef = D364DF7729A2AA6A00EE65C5 /* OnboardingView.swift */; };
		D3A8C89829A549A100141B22 /* DishView.swift in Sources */ = {isa = PBXBuildFile; fileRef = D3A8C89729A549A100141B22 /* DishView.swift */; };
		D3A8C89B29A61B9700141B22 /* Dish+CoreDataClass.swift in Sources */ = {isa = PBXBuildFile; fileRef = D3A8C89929A61B9700141B22 /* Dish+CoreDataClass.swift */; };
		D3A8C89C29A61B9700141B22 /* Dish+CoreDataProperties.swift in Sources */ = {isa = PBXBuildFile; fileRef = D3A8C89A29A61B9700141B22 /* Dish+CoreDataProperties.swift */; };
		D3BEA68329A3F8C200CF7679 /* Persistence.swift in Sources */ = {isa = PBXBuildFile; fileRef = D3BEA68129A3F8C200CF7679 /* Persistence.swift */; };
		D3BEA68429A3F8C200CF7679 /* FetchedObjects.swift in Sources */ = {isa = PBXBuildFile; fileRef = D3BEA68229A3F8C200CF7679 /* FetchedObjects.swift */; };
		D3BEA68729A3F8F400CF7679 /* MenuItemModel.swift in Sources */ = {isa = PBXBuildFile; fileRef = D3BEA68629A3F8F400CF7679 /* MenuItemModel.swift */; };
		D3BEA68A29A4A14C00CF7679 /* MenuItemDatabase.xcdatamodeld in Sources */ = {isa = PBXBuildFile; fileRef = D3BEA68829A4A14C00CF7679 /* MenuItemDatabase.xcdatamodeld */; };
		D3E6527329A337460048455D /* HomeView.swift in Sources */ = {isa = PBXBuildFile; fileRef = D3E6527229A337460048455D /* HomeView.swift */; };
		D3E6527529A33B540048455D /* MenuView.swift in Sources */ = {isa = PBXBuildFile; fileRef = D3E6527429A33B540048455D /* MenuView.swift */; };
		D3E6527729A350F20048455D /* UserProfileView.swift in Sources */ = {isa = PBXBuildFile; fileRef = D3E6527629A350F20048455D /* UserProfileView.swift */; };
		D3E6527929A357E90048455D /* K.swift in Sources */ = {isa = PBXBuildFile; fileRef = D3E6527829A357E90048455D /* K.swift */; };
/* End PBXBuildFile section */

/* Begin PBXFileReference section */
		D364DF6629A2AA4400EE65C5 /* LittleLemonRestaurantApp.app */ = {isa = PBXFileReference; explicitFileType = wrapper.application; includeInIndex = 0; path = LittleLemonRestaurantApp.app; sourceTree = BUILT_PRODUCTS_DIR; };
		D364DF6929A2AA4400EE65C5 /* LittleLemonRestaurantAppApp.swift */ = {isa = PBXFileReference; lastKnownFileType = sourcecode.swift; path = LittleLemonRestaurantAppApp.swift; sourceTree = "<group>"; };
		D364DF6D29A2AA4500EE65C5 /* Assets.xcassets */ = {isa = PBXFileReference; lastKnownFileType = folder.assetcatalog; path = Assets.xcassets; sourceTree = "<group>"; };
		D364DF7029A2AA4500EE65C5 /* Preview Assets.xcassets */ = {isa = PBXFileReference; lastKnownFileType = folder.assetcatalog; path = "Preview Assets.xcassets"; sourceTree = "<group>"; };
		D364DF7729A2AA6A00EE65C5 /* OnboardingView.swift */ = {isa = PBXFileReference; lastKnownFileType = sourcecode.swift; path = OnboardingView.swift; sourceTree = "<group>"; };
		D3A8C89729A549A100141B22 /* DishView.swift */ = {isa = PBXFileReference; lastKnownFileType = sourcecode.swift; path = DishView.swift; sourceTree = "<group>"; };
		D3A8C89929A61B9700141B22 /* Dish+CoreDataClass.swift */ = {isa = PBXFileReference; lastKnownFileType = sourcecode.swift; name = "Dish+CoreDataClass.swift"; path = "LittleLemonRestaurantApp/Core Data/Classes/Dish+CoreDataClass.swift"; sourceTree = "<group>"; };
		D3A8C89A29A61B9700141B22 /* Dish+CoreDataProperties.swift */ = {isa = PBXFileReference; lastKnownFileType = sourcecode.swift; name = "Dish+CoreDataProperties.swift"; path = "LittleLemonRestaurantApp/Core Data/Classes/Dish+CoreDataProperties.swift"; sourceTree = "<group>"; };
		D3BEA68129A3F8C200CF7679 /* Persistence.swift */ = {isa = PBXFileReference; fileEncoding = 4; lastKnownFileType = sourcecode.swift; path = Persistence.swift; sourceTree = "<group>"; };
		D3BEA68229A3F8C200CF7679 /* FetchedObjects.swift */ = {isa = PBXFileReference; fileEncoding = 4; lastKnownFileType = sourcecode.swift; path = FetchedObjects.swift; sourceTree = "<group>"; };
		D3BEA68629A3F8F400CF7679 /* MenuItemModel.swift */ = {isa = PBXFileReference; lastKnownFileType = sourcecode.swift; path = MenuItemModel.swift; sourceTree = "<group>"; };
		D3BEA68929A4A14C00CF7679 /* MenuItemDatabase.xcdatamodel */ = {isa = PBXFileReference; lastKnownFileType = wrapper.xcdatamodel; path = MenuItemDatabase.xcdatamodel; sourceTree = "<group>"; };
		D3E6527229A337460048455D /* HomeView.swift */ = {isa = PBXFileReference; lastKnownFileType = sourcecode.swift; path = HomeView.swift; sourceTree = "<group>"; };
		D3E6527429A33B540048455D /* MenuView.swift */ = {isa = PBXFileReference; lastKnownFileType = sourcecode.swift; path = MenuView.swift; sourceTree = "<group>"; };
		D3E6527629A350F20048455D /* UserProfileView.swift */ = {isa = PBXFileReference; lastKnownFileType = sourcecode.swift; path = UserProfileView.swift; sourceTree = "<group>"; };
		D3E6527829A357E90048455D /* K.swift */ = {isa = PBXFileReference; lastKnownFileType = sourcecode.swift; path = K.swift; sourceTree = "<group>"; };
/* End PBXFileReference section */

/* Begin PBXFrameworksBuildPhase section */
		D364DF6329A2AA4400EE65C5 /* Frameworks */ = {
			isa = PBXFrameworksBuildPhase;
			buildActionMask = 2147483647;
			files = (
			);
			runOnlyForDeploymentPostprocessing = 0;
		};
/* End PBXFrameworksBuildPhase section */

/* Begin PBXGroup section */
		D364DF5D29A2AA4400EE65C5 = {
			isa = PBXGroup;
			children = (
				D3A8C89929A61B9700141B22 /* Dish+CoreDataClass.swift */,
				D3A8C89A29A61B9700141B22 /* Dish+CoreDataProperties.swift */,
				D364DF6829A2AA4400EE65C5 /* LittleLemonRestaurantApp */,
				D364DF6729A2AA4400EE65C5 /* Products */,
			);
			sourceTree = "<group>";
		};
		D364DF6729A2AA4400EE65C5 /* Products */ = {
			isa = PBXGroup;
			children = (
				D364DF6629A2AA4400EE65C5 /* LittleLemonRestaurantApp.app */,
			);
			name = Products;
			sourceTree = "<group>";
		};
		D364DF6829A2AA4400EE65C5 /* LittleLemonRestaurantApp */ = {
			isa = PBXGroup;
			children = (
				D3E6527829A357E90048455D /* K.swift */,
				D364DF6929A2AA4400EE65C5 /* LittleLemonRestaurantAppApp.swift */,
				D3BEA68529A3F8CE00CF7679 /* MenuItem Model */,
				D3E6528529A3F7AA0048455D /* Core Data */,
				D3E6528429A3F7A20048455D /* View */,
				D364DF6D29A2AA4500EE65C5 /* Assets.xcassets */,
				D364DF6F29A2AA4500EE65C5 /* Preview Content */,
				D3BEA68829A4A14C00CF7679 /* MenuItemDatabase.xcdatamodeld */,
			);
			path = LittleLemonRestaurantApp;
			sourceTree = "<group>";
		};
		D364DF6F29A2AA4500EE65C5 /* Preview Content */ = {
			isa = PBXGroup;
			children = (
				D364DF7029A2AA4500EE65C5 /* Preview Assets.xcassets */,
			);
			path = "Preview Content";
			sourceTree = "<group>";
		};
		D3BEA68529A3F8CE00CF7679 /* MenuItem Model */ = {
			isa = PBXGroup;
			children = (
				D3BEA68629A3F8F400CF7679 /* MenuItemModel.swift */,
			);
			path = "MenuItem Model";
			sourceTree = "<group>";
		};
		D3E6528429A3F7A20048455D /* View */ = {
			isa = PBXGroup;
			children = (
				D3E6527429A33B540048455D /* MenuView.swift */,
				D3E6527229A337460048455D /* HomeView.swift */,
				D3E6527629A350F20048455D /* UserProfileView.swift */,
				D364DF7729A2AA6A00EE65C5 /* OnboardingView.swift */,
				D3A8C89729A549A100141B22 /* DishView.swift */,
			);
			path = View;
			sourceTree = "<group>";
		};
		D3E6528529A3F7AA0048455D /* Core Data */ = {
			isa = PBXGroup;
			children = (
				D3BEA68229A3F8C200CF7679 /* FetchedObjects.swift */,
				D3BEA68129A3F8C200CF7679 /* Persistence.swift */,
			);
			path = "Core Data";
			sourceTree = "<group>";
		};
/* End PBXGroup section */

/* Begin PBXNativeTarget section */
		D364DF6529A2AA4400EE65C5 /* LittleLemonRestaurantApp */ = {
			isa = PBXNativeTarget;
			buildConfigurationList = D364DF7429A2AA4500EE65C5 /* Build configuration list for PBXNativeTarget "LittleLemonRestaurantApp" */;
			buildPhases = (
				D364DF6229A2AA4400EE65C5 /* Sources */,
				D364DF6329A2AA4400EE65C5 /* Frameworks */,
				D364DF6429A2AA4400EE65C5 /* Resources */,
			);
			buildRules = (
			);
			dependencies = (
			);
			name = LittleLemonRestaurantApp;
			productName = LittleLemonRestaurantApp;
			productReference = D364DF6629A2AA4400EE65C5 /* LittleLemonRestaurantApp.app */;
			productType = "com.apple.product-type.application";
		};
/* End PBXNativeTarget section */

/* Begin PBXProject section */
		D364DF5E29A2AA4400EE65C5 /* Project object */ = {
			isa = PBXProject;
			attributes = {
				BuildIndependentTargetsInParallel = 1;
				LastSwiftUpdateCheck = 1420;
				LastUpgradeCheck = 1420;
				TargetAttributes = {
					D364DF6529A2AA4400EE65C5 = {
						CreatedOnToolsVersion = 14.2;
					};
				};
			};
			buildConfigurationList = D364DF6129A2AA4400EE65C5 /* Build configuration list for PBXProject "LittleLemonRestaurantApp" */;
			compatibilityVersion = "Xcode 14.0";
			developmentRegion = en;
			hasScannedForEncodings = 0;
			knownRegions = (
				en,
				Base,
			);
			mainGroup = D364DF5D29A2AA4400EE65C5;
			productRefGroup = D364DF6729A2AA4400EE65C5 /* Products */;
			projectDirPath = "";
			projectRoot = "";
			targets = (
				D364DF6529A2AA4400EE65C5 /* LittleLemonRestaurantApp */,
			);
		};
/* End PBXProject section */

/* Begin PBXResourcesBuildPhase section */
		D364DF6429A2AA4400EE65C5 /* Resources */ = {
			isa = PBXResourcesBuildPhase;
			buildActionMask = 2147483647;
			files = (
				D364DF7129A2AA4500EE65C5 /* Preview Assets.xcassets in Resources */,
				D364DF6E29A2AA4500EE65C5 /* Assets.xcassets in Resources */,
			);
			runOnlyForDeploymentPostprocessing = 0;
		};
/* End PBXResourcesBuildPhase section */

/* Begin PBXSourcesBuildPhase section */
		D364DF6229A2AA4400EE65C5 /* Sources */ = {
			isa = PBXSourcesBuildPhase;
			buildActionMask = 2147483647;
			files = (
				D3BEA68A29A4A14C00CF7679 /* MenuItemDatabase.xcdatamodeld in Sources */,
				D364DF7829A2AA6A00EE65C5 /* OnboardingView.swift in Sources */,
				D3A8C89C29A61B9700141B22 /* Dish+CoreDataProperties.swift in Sources */,
				D3A8C89829A549A100141B22 /* DishView.swift in Sources */,
				D3E6527329A337460048455D /* HomeView.swift in Sources */,
				D3BEA68729A3F8F400CF7679 /* MenuItemModel.swift in Sources */,
				D3E6527729A350F20048455D /* UserProfileView.swift in Sources */,
				D3BEA68329A3F8C200CF7679 /* Persistence.swift in Sources */,
				D3A8C89B29A61B9700141B22 /* Dish+CoreDataClass.swift in Sources */,
				D3BEA68429A3F8C200CF7679 /* FetchedObjects.swift in Sources */,
				D3E6527929A357E90048455D /* K.swift in Sources */,
				D3E6527529A33B540048455D /* MenuView.swift in Sources */,
				D364DF6A29A2AA4400EE65C5 /* LittleLemonRestaurantAppApp.swift in Sources */,
			);
			runOnlyForDeploymentPostprocessing = 0;
		};
/* End PBXSourcesBuildPhase section */

/* Begin XCBuildConfiguration section */
		D364DF7229A2AA4500EE65C5 /* Debug */ = {
			isa = XCBuildConfiguration;
			buildSettings = {
				ALWAYS_SEARCH_USER_PATHS = NO;
				CLANG_ANALYZER_NONNULL = YES;
				CLANG_ANALYZER_NUMBER_OBJECT_CONVERSION = YES_AGGRESSIVE;
				CLANG_CXX_LANGUAGE_STANDARD = "gnu++20";
				CLANG_ENABLE_MODULES = YES;
				CLANG_ENABLE_OBJC_ARC = YES;
				CLANG_ENABLE_OBJC_WEAK = YES;
				CLANG_WARN_BLOCK_CAPTURE_AUTORELEASING = YES;
				CLANG_WARN_BOOL_CONVERSION = YES;
				CLANG_WARN_COMMA = YES;
				CLANG_WARN_CONSTANT_CONVERSION = YES;
				CLANG_WARN_DEPRECATED_OBJC_IMPLEMENTATIONS = YES;
				CLANG_WARN_DIRECT_OBJC_ISA_USAGE = YES_ERROR;
				CLANG_WARN_DOCUMENTATION_COMMENTS = YES;
				CLANG_WARN_EMPTY_BODY = YES;
				CLANG_WARN_ENUM_CONVERSION = YES;
				CLANG_WARN_INFINITE_RECURSION = YES;
				CLANG_WARN_INT_CONVERSION = YES;
				CLANG_WARN_NON_LITERAL_NULL_CONVERSION = YES;
				CLANG_WARN_OBJC_IMPLICIT_RETAIN_SELF = YES;
				CLANG_WARN_OBJC_LITERAL_CONVERSION = YES;
				CLANG_WARN_OBJC_ROOT_CLASS = YES_ERROR;
				CLANG_WARN_QUOTED_INCLUDE_IN_FRAMEWORK_HEADER = YES;
				CLANG_WARN_RANGE_LOOP_ANALYSIS = YES;
				CLANG_WARN_STRICT_PROTOTYPES = YES;
				CLANG_WARN_SUSPICIOUS_MOVE = YES;
				CLANG_WARN_UNGUARDED_AVAILABILITY = YES_AGGRESSIVE;
				CLANG_WARN_UNREACHABLE_CODE = YES;
				CLANG_WARN__DUPLICATE_METHOD_MATCH = YES;
				COPY_PHASE_STRIP = NO;
				DEBUG_INFORMATION_FORMAT = dwarf;
				ENABLE_STRICT_OBJC_MSGSEND = YES;
				ENABLE_TESTABILITY = YES;
				GCC_C_LANGUAGE_STANDARD = gnu11;
				GCC_DYNAMIC_NO_PIC = NO;
				GCC_NO_COMMON_BLOCKS = YES;
				GCC_OPTIMIZATION_LEVEL = 0;
				GCC_PREPROCESSOR_DEFINITIONS = (
					"DEBUG=1",
					"$(inherited)",
				);
				GCC_WARN_64_TO_32_BIT_CONVERSION = YES;
				GCC_WARN_ABOUT_RETURN_TYPE = YES_ERROR;
				GCC_WARN_UNDECLARED_SELECTOR = YES;
				GCC_WARN_UNINITIALIZED_AUTOS = YES_AGGRESSIVE;
				GCC_WARN_UNUSED_FUNCTION = YES;
				GCC_WARN_UNUSED_VARIABLE = YES;
				IPHONEOS_DEPLOYMENT_TARGET = 16.2;
				MTL_ENABLE_DEBUG_INFO = INCLUDE_SOURCE;
				MTL_FAST_MATH = YES;
				ONLY_ACTIVE_ARCH = YES;
				SDKROOT = iphoneos;
				SWIFT_ACTIVE_COMPILATION_CONDITIONS = DEBUG;
				SWIFT_OPTIMIZATION_LEVEL = "-Onone";
			};
			name = Debug;
		};
		D364DF7329A2AA4500EE65C5 /* Release */ = {
			isa = XCBuildConfiguration;
			buildSettings = {
				ALWAYS_SEARCH_USER_PATHS = NO;
				CLANG_ANALYZER_NONNULL = YES;
				CLANG_ANALYZER_NUMBER_OBJECT_CONVERSION = YES_AGGRESSIVE;
				CLANG_CXX_LANGUAGE_STANDARD = "gnu++20";
				CLANG_ENABLE_MODULES = YES;
				CLANG_ENABLE_OBJC_ARC = YES;
				CLANG_ENABLE_OBJC_WEAK = YES;
				CLANG_WARN_BLOCK_CAPTURE_AUTORELEASING = YES;
				CLANG_WARN_BOOL_CONVERSION = YES;
				CLANG_WARN_COMMA = YES;
				CLANG_WARN_CONSTANT_CONVERSION = YES;
				CLANG_WARN_DEPRECATED_OBJC_IMPLEMENTATIONS = YES;
				CLANG_WARN_DIRECT_OBJC_ISA_USAGE = YES_ERROR;
				CLANG_WARN_DOCUMENTATION_COMMENTS = YES;
				CLANG_WARN_EMPTY_BODY = YES;
				CLANG_WARN_ENUM_CONVERSION = YES;
				CLANG_WARN_INFINITE_RECURSION = YES;
				CLANG_WARN_INT_CONVERSION = YES;
				CLANG_WARN_NON_LITERAL_NULL_CONVERSION = YES;
				CLANG_WARN_OBJC_IMPLICIT_RETAIN_SELF = YES;
				CLANG_WARN_OBJC_LITERAL_CONVERSION = YES;
				CLANG_WARN_OBJC_ROOT_CLASS = YES_ERROR;
				CLANG_WARN_QUOTED_INCLUDE_IN_FRAMEWORK_HEADER = YES;
				CLANG_WARN_RANGE_LOOP_ANALYSIS = YES;
				CLANG_WARN_STRICT_PROTOTYPES = YES;
				CLANG_WARN_SUSPICIOUS_MOVE = YES;
				CLANG_WARN_UNGUARDED_AVAILABILITY = YES_AGGRESSIVE;
				CLANG_WARN_UNREACHABLE_CODE = YES;
				CLANG_WARN__DUPLICATE_METHOD_MATCH = YES;
				COPY_PHASE_STRIP = NO;
				DEBUG_INFORMATION_FORMAT = "dwarf-with-dsym";
				ENABLE_NS_ASSERTIONS = NO;
				ENABLE_STRICT_OBJC_MSGSEND = YES;
				GCC_C_LANGUAGE_STANDARD = gnu11;
				GCC_NO_COMMON_BLOCKS = YES;
				GCC_WARN_64_TO_32_BIT_CONVERSION = YES;
				GCC_WARN_ABOUT_RETURN_TYPE = YES_ERROR;
				GCC_WARN_UNDECLARED_SELECTOR = YES;
				GCC_WARN_UNINITIALIZED_AUTOS = YES_AGGRESSIVE;
				GCC_WARN_UNUSED_FUNCTION = YES;
				GCC_WARN_UNUSED_VARIABLE = YES;
				IPHONEOS_DEPLOYMENT_TARGET = 16.2;
				MTL_ENABLE_DEBUG_INFO = NO;
				MTL_FAST_MATH = YES;
				SDKROOT = iphoneos;
				SWIFT_COMPILATION_MODE = wholemodule;
				SWIFT_OPTIMIZATION_LEVEL = "-O";
				VALIDATE_PRODUCT = YES;
			};
			name = Release;
		};
		D364DF7529A2AA4500EE65C5 /* Debug */ = {
			isa = XCBuildConfiguration;
			buildSettings = {
				ASSETCATALOG_COMPILER_APPICON_NAME = AppIcon;
				ASSETCATALOG_COMPILER_GLOBAL_ACCENT_COLOR_NAME = AccentColor;
				CODE_SIGN_STYLE = Automatic;
				CURRENT_PROJECT_VERSION = 1;
				DEVELOPMENT_ASSET_PATHS = "\"LittleLemonRestaurantApp/Preview Content\"";
				DEVELOPMENT_TEAM = DZ2UT2DP92;
				ENABLE_PREVIEWS = YES;
				GENERATE_INFOPLIST_FILE = YES;
				INFOPLIST_KEY_UIApplicationSceneManifest_Generation = YES;
				INFOPLIST_KEY_UIApplicationSupportsIndirectInputEvents = YES;
				INFOPLIST_KEY_UILaunchScreen_Generation = YES;
				INFOPLIST_KEY_UISupportedInterfaceOrientations_iPad = "UIInterfaceOrientationPortrait UIInterfaceOrientationPortraitUpsideDown UIInterfaceOrientationLandscapeLeft UIInterfaceOrientationLandscapeRight";
				INFOPLIST_KEY_UISupportedInterfaceOrientations_iPhone = "UIInterfaceOrientationPortrait UIInterfaceOrientationLandscapeLeft UIInterfaceOrientationLandscapeRight";
				IPHONEOS_DEPLOYMENT_TARGET = 15.0;
				LD_RUNPATH_SEARCH_PATHS = (
					"$(inherited)",
					"@executable_path/Frameworks",
				);
				MARKETING_VERSION = 1.0;
				PRODUCT_BUNDLE_IDENTIFIER = "com.Bin-Abass.LittleLemonRestaurantApp";
				PRODUCT_NAME = "$(TARGET_NAME)";
				SWIFT_EMIT_LOC_STRINGS = YES;
				SWIFT_VERSION = 5.0;
				TARGETED_DEVICE_FAMILY = "1,2";
			};
			name = Debug;
		};
		D364DF7629A2AA4500EE65C5 /* Release */ = {
			isa = XCBuildConfiguration;
			buildSettings = {
				ASSETCATALOG_COMPILER_APPICON_NAME = AppIcon;
				ASSETCATALOG_COMPILER_GLOBAL_ACCENT_COLOR_NAME = AccentColor;
				CODE_SIGN_STYLE = Automatic;
				CURRENT_PROJECT_VERSION = 1;
				DEVELOPMENT_ASSET_PATHS = "\"LittleLemonRestaurantApp/Preview Content\"";
				DEVELOPMENT_TEAM = DZ2UT2DP92;
				ENABLE_PREVIEWS = YES;
				GENERATE_INFOPLIST_FILE = YES;
				INFOPLIST_KEY_UIApplicationSceneManifest_Generation = YES;
				INFOPLIST_KEY_UIApplicationSupportsIndirectInputEvents = YES;
				INFOPLIST_KEY_UILaunchScreen_Generation = YES;
				INFOPLIST_KEY_UISupportedInterfaceOrientations_iPad = "UIInterfaceOrientationPortrait UIInterfaceOrientationPortraitUpsideDown UIInterfaceOrientationLandscapeLeft UIInterfaceOrientationLandscapeRight";
				INFOPLIST_KEY_UISupportedInterfaceOrientations_iPhone = "UIInterfaceOrientationPortrait UIInterfaceOrientationLandscapeLeft UIInterfaceOrientationLandscapeRight";
				IPHONEOS_DEPLOYMENT_TARGET = 15.0;
				LD_RUNPATH_SEARCH_PATHS = (
					"$(inherited)",
					"@executable_path/Frameworks",
				);
				MARKETING_VERSION = 1.0;
				PRODUCT_BUNDLE_IDENTIFIER = "com.Bin-Abass.LittleLemonRestaurantApp";
				PRODUCT_NAME = "$(TARGET_NAME)";
				SWIFT_EMIT_LOC_STRINGS = YES;
				SWIFT_VERSION = 5.0;
				TARGETED_DEVICE_FAMILY = "1,2";
			};
			name = Release;
		};
/* End XCBuildConfiguration section */

/* Begin XCConfigurationList section */
		D364DF6129A2AA4400EE65C5 /* Build configuration list for PBXProject "LittleLemonRestaurantApp" */ = {
			isa = XCConfigurationList;
			buildConfigurations = (
				D364DF7229A2AA4500EE65C5 /* Debug */,
				D364DF7329A2AA4500EE65C5 /* Release */,
			);
			defaultConfigurationIsVisible = 0;
			defaultConfigurationName = Release;
		};
		D364DF7429A2AA4500EE65C5 /* Build configuration list for PBXNativeTarget "LittleLemonRestaurantApp" */ = {
			isa = XCConfigurationList;
			buildConfigurations = (
				D364DF7529A2AA4500EE65C5 /* Debug */,
				D364DF7629A2AA4500EE65C5 /* Release */,
			);
			defaultConfigurationIsVisible = 0;
			defaultConfigurationName = Release;
		};
/* End XCConfigurationList section */

/* Begin XCVersionGroup section */
		D3BEA68829A4A14C00CF7679 /* MenuItemDatabase.xcdatamodeld */ = {
			isa = XCVersionGroup;
			children = (
				D3BEA68929A4A14C00CF7679 /* MenuItemDatabase.xcdatamodel */,
			);
			currentVersion = D3BEA68929A4A14C00CF7679 /* MenuItemDatabase.xcdatamodel */;
			path = MenuItemDatabase.xcdatamodeld;
			sourceTree = "<group>";
			versionGroupType = wrapper.xcdatamodel;
		};
/* End XCVersionGroup section */
	};
	rootObject = D364DF5E29A2AA4400EE65C5 /* Project object */;
}
